// !$*UTF8*$!
{
	archiveVersion = 1;
	classes = {
	};
	objectVersion = 48;
	objects = {

/* Begin PBXBuildFile section */
		051C5D7C1FCCBC23005EA454 /* AppDelegate.swift in Sources */ = {isa = PBXBuildFile; fileRef = 051C5D7B1FCCBC23005EA454 /* AppDelegate.swift */; };
		051C5D851FCCBC23005EA454 /* Assets.xcassets in Resources */ = {isa = PBXBuildFile; fileRef = 051C5D841FCCBC23005EA454 /* Assets.xcassets */; };
		051C5D881FCCBC23005EA454 /* LaunchScreen.storyboard in Resources */ = {isa = PBXBuildFile; fileRef = 051C5D861FCCBC23005EA454 /* LaunchScreen.storyboard */; };
		051C5D901FCCBD53005EA454 /* SelectListViewController.swift in Sources */ = {isa = PBXBuildFile; fileRef = 051C5D8F1FCCBD53005EA454 /* SelectListViewController.swift */; };
		051C5D951FCCC5E9005EA454 /* List.swift in Sources */ = {isa = PBXBuildFile; fileRef = 051C5D941FCCC5E9005EA454 /* List.swift */; };
		051C5D981FCCC634005EA454 /* ListItem.swift in Sources */ = {isa = PBXBuildFile; fileRef = 051C5D971FCCC634005EA454 /* ListItem.swift */; };
		051C5D9B1FCCC732005EA454 /* Week.swift in Sources */ = {isa = PBXBuildFile; fileRef = 051C5D9A1FCCC732005EA454 /* Week.swift */; };
		051C5D9D1FCCC91D005EA454 /* Month.swift in Sources */ = {isa = PBXBuildFile; fileRef = 051C5D9C1FCCC91D005EA454 /* Month.swift */; };
		051C5DA31FCCCBFA005EA454 /* ListMakerViewController.swift in Sources */ = {isa = PBXBuildFile; fileRef = 051C5DA21FCCCBFA005EA454 /* ListMakerViewController.swift */; };
		051C5DA51FCCCC3B005EA454 /* TodaysViewController.swift in Sources */ = {isa = PBXBuildFile; fileRef = 051C5DA41FCCCC3B005EA454 /* TodaysViewController.swift */; };
		05B79EB11FCD12DE00E4BCB3 /* Constants.swift in Sources */ = {isa = PBXBuildFile; fileRef = 05B79EB01FCD12DE00E4BCB3 /* Constants.swift */; };
		05B79EB31FCD2C5300E4BCB3 /* ListMakerTableViewCell.swift in Sources */ = {isa = PBXBuildFile; fileRef = 05B79EB21FCD2C5300E4BCB3 /* ListMakerTableViewCell.swift */; };
		05B79EB51FCE263000E4BCB3 /* CustomUIKitObject.swift in Sources */ = {isa = PBXBuildFile; fileRef = 05B79EB41FCE263000E4BCB3 /* CustomUIKitObject.swift */; };
/* End PBXBuildFile section */

/* Begin PBXFileReference section */
		051C5D781FCCBC23005EA454 /* oneDayAtATime.app */ = {isa = PBXFileReference; explicitFileType = wrapper.application; includeInIndex = 0; path = oneDayAtATime.app; sourceTree = BUILT_PRODUCTS_DIR; };
		051C5D7B1FCCBC23005EA454 /* AppDelegate.swift */ = {isa = PBXFileReference; lastKnownFileType = sourcecode.swift; path = AppDelegate.swift; sourceTree = "<group>"; };
		051C5D841FCCBC23005EA454 /* Assets.xcassets */ = {isa = PBXFileReference; lastKnownFileType = folder.assetcatalog; path = Assets.xcassets; sourceTree = "<group>"; };
		051C5D871FCCBC23005EA454 /* Base */ = {isa = PBXFileReference; lastKnownFileType = file.storyboard; name = Base; path = Base.lproj/LaunchScreen.storyboard; sourceTree = "<group>"; };
		051C5D891FCCBC23005EA454 /* Info.plist */ = {isa = PBXFileReference; lastKnownFileType = text.plist.xml; path = Info.plist; sourceTree = "<group>"; };
		051C5D8F1FCCBD53005EA454 /* SelectListViewController.swift */ = {isa = PBXFileReference; lastKnownFileType = sourcecode.swift; path = SelectListViewController.swift; sourceTree = "<group>"; };
		051C5D941FCCC5E9005EA454 /* List.swift */ = {isa = PBXFileReference; lastKnownFileType = sourcecode.swift; path = List.swift; sourceTree = "<group>"; };
		051C5D971FCCC634005EA454 /* ListItem.swift */ = {isa = PBXFileReference; lastKnownFileType = sourcecode.swift; path = ListItem.swift; sourceTree = "<group>"; };
		051C5D9A1FCCC732005EA454 /* Week.swift */ = {isa = PBXFileReference; lastKnownFileType = sourcecode.swift; path = Week.swift; sourceTree = "<group>"; };
		051C5D9C1FCCC91D005EA454 /* Month.swift */ = {isa = PBXFileReference; lastKnownFileType = sourcecode.swift; path = Month.swift; sourceTree = "<group>"; };
		051C5DA21FCCCBFA005EA454 /* ListMakerViewController.swift */ = {isa = PBXFileReference; lastKnownFileType = sourcecode.swift; path = ListMakerViewController.swift; sourceTree = "<group>"; };
		051C5DA41FCCCC3B005EA454 /* TodaysViewController.swift */ = {isa = PBXFileReference; lastKnownFileType = sourcecode.swift; path = TodaysViewController.swift; sourceTree = "<group>"; };
		05B79EB01FCD12DE00E4BCB3 /* Constants.swift */ = {isa = PBXFileReference; lastKnownFileType = sourcecode.swift; path = Constants.swift; sourceTree = "<group>"; };
		05B79EB21FCD2C5300E4BCB3 /* ListMakerTableViewCell.swift */ = {isa = PBXFileReference; lastKnownFileType = sourcecode.swift; path = ListMakerTableViewCell.swift; sourceTree = "<group>"; };
		05B79EB41FCE263000E4BCB3 /* CustomUIKitObject.swift */ = {isa = PBXFileReference; lastKnownFileType = sourcecode.swift; path = CustomUIKitObject.swift; sourceTree = "<group>"; };
/* End PBXFileReference section */

/* Begin PBXFrameworksBuildPhase section */
		051C5D751FCCBC23005EA454 /* Frameworks */ = {
			isa = PBXFrameworksBuildPhase;
			buildActionMask = 2147483647;
			files = (
			);
			runOnlyForDeploymentPostprocessing = 0;
		};
/* End PBXFrameworksBuildPhase section */

/* Begin PBXGroup section */
		051C5D6F1FCCBC23005EA454 = {
			isa = PBXGroup;
			children = (
				051C5D7A1FCCBC23005EA454 /* oneDayAtATime */,
				051C5D791FCCBC23005EA454 /* Products */,
			);
			sourceTree = "<group>";
		};
		051C5D791FCCBC23005EA454 /* Products */ = {
			isa = PBXGroup;
			children = (
				051C5D781FCCBC23005EA454 /* oneDayAtATime.app */,
			);
			name = Products;
			sourceTree = "<group>";
		};
		051C5D7A1FCCBC23005EA454 /* oneDayAtATime */ = {
			isa = PBXGroup;
			children = (
				051C5D891FCCBC23005EA454 /* Info.plist */,
				051C5DA01FCCCA86005EA454 /* Supporting Files */,
				051C5D921FCCC5BA005EA454 /* Models */,
				051C5DA11FCCCAAF005EA454 /* Views */,
				051C5D911FCCC56C005EA454 /* Controllers */,
			);
			path = oneDayAtATime;
			sourceTree = "<group>";
		};
		051C5D911FCCC56C005EA454 /* Controllers */ = {
			isa = PBXGroup;
			children = (
				051C5D8F1FCCBD53005EA454 /* SelectListViewController.swift */,
				051C5DA21FCCCBFA005EA454 /* ListMakerViewController.swift */,
				051C5DA41FCCCC3B005EA454 /* TodaysViewController.swift */,
			);
			path = Controllers;
			sourceTree = "<group>";
		};
		051C5D921FCCC5BA005EA454 /* Models */ = {
			isa = PBXGroup;
			children = (
				051C5D991FCCC71A005EA454 /* Calendar */,
				051C5D931FCCC5CA005EA454 /* Lists */,
			);
			path = Models;
			sourceTree = "<group>";
		};
		051C5D931FCCC5CA005EA454 /* Lists */ = {
			isa = PBXGroup;
			children = (
				051C5D941FCCC5E9005EA454 /* List.swift */,
				051C5D971FCCC634005EA454 /* ListItem.swift */,
			);
			path = Lists;
			sourceTree = "<group>";
		};
		051C5D991FCCC71A005EA454 /* Calendar */ = {
			isa = PBXGroup;
			children = (
				051C5D9A1FCCC732005EA454 /* Week.swift */,
				051C5D9C1FCCC91D005EA454 /* Month.swift */,
			);
			path = Calendar;
			sourceTree = "<group>";
		};
		051C5DA01FCCCA86005EA454 /* Supporting Files */ = {
			isa = PBXGroup;
			children = (
				051C5D7B1FCCBC23005EA454 /* AppDelegate.swift */,
				05B79EB01FCD12DE00E4BCB3 /* Constants.swift */,
			);
			path = "Supporting Files";
			sourceTree = "<group>";
		};
		051C5DA11FCCCAAF005EA454 /* Views */ = {
			isa = PBXGroup;
			children = (
				051C5D841FCCBC23005EA454 /* Assets.xcassets */,
				051C5D861FCCBC23005EA454 /* LaunchScreen.storyboard */,
				05B79EB41FCE263000E4BCB3 /* CustomUIKitObject.swift */,
				05B79EB61FCE26BE00E4BCB3 /* Custom Cells */,
			);
			path = Views;
			sourceTree = "<group>";
		};
		05B79EB61FCE26BE00E4BCB3 /* Custom Cells */ = {
			isa = PBXGroup;
			children = (
				05B79EB21FCD2C5300E4BCB3 /* ListMakerTableViewCell.swift */,
			);
			path = "Custom Cells";
			sourceTree = "<group>";
		};
/* End PBXGroup section */

/* Begin PBXNativeTarget section */
		051C5D771FCCBC23005EA454 /* oneDayAtATime */ = {
			isa = PBXNativeTarget;
			buildConfigurationList = 051C5D8C1FCCBC23005EA454 /* Build configuration list for PBXNativeTarget "oneDayAtATime" */;
			buildPhases = (
				051C5D741FCCBC23005EA454 /* Sources */,
				051C5D751FCCBC23005EA454 /* Frameworks */,
				051C5D761FCCBC23005EA454 /* Resources */,
			);
			buildRules = (
			);
			dependencies = (
			);
			name = oneDayAtATime;
			productName = oneDayAtATime;
			productReference = 051C5D781FCCBC23005EA454 /* oneDayAtATime.app */;
			productType = "com.apple.product-type.application";
		};
/* End PBXNativeTarget section */

/* Begin PBXProject section */
		051C5D701FCCBC23005EA454 /* Project object */ = {
			isa = PBXProject;
			attributes = {
				LastSwiftUpdateCheck = 0910;
				LastUpgradeCheck = 0910;
				ORGANIZATIONNAME = "Marty Hernandez Avedon";
				TargetAttributes = {
					051C5D771FCCBC23005EA454 = {
						CreatedOnToolsVersion = 9.1;
						ProvisioningStyle = Automatic;
					};
				};
			};
			buildConfigurationList = 051C5D731FCCBC23005EA454 /* Build configuration list for PBXProject "oneDayAtATime" */;
			compatibilityVersion = "Xcode 8.0";
			developmentRegion = en;
			hasScannedForEncodings = 0;
			knownRegions = (
				en,
				Base,
			);
			mainGroup = 051C5D6F1FCCBC23005EA454;
			productRefGroup = 051C5D791FCCBC23005EA454 /* Products */;
			projectDirPath = "";
			projectRoot = "";
			targets = (
				051C5D771FCCBC23005EA454 /* oneDayAtATime */,
			);
		};
/* End PBXProject section */

/* Begin PBXResourcesBuildPhase section */
		051C5D761FCCBC23005EA454 /* Resources */ = {
			isa = PBXResourcesBuildPhase;
			buildActionMask = 2147483647;
			files = (
				051C5D881FCCBC23005EA454 /* LaunchScreen.storyboard in Resources */,
				051C5D851FCCBC23005EA454 /* Assets.xcassets in Resources */,
			);
			runOnlyForDeploymentPostprocessing = 0;
		};
/* End PBXResourcesBuildPhase section */

/* Begin PBXSourcesBuildPhase section */
		051C5D741FCCBC23005EA454 /* Sources */ = {
			isa = PBXSourcesBuildPhase;
			buildActionMask = 2147483647;
			files = (
				05B79EB31FCD2C5300E4BCB3 /* ListMakerTableViewCell.swift in Sources */,
				051C5DA51FCCCC3B005EA454 /* TodaysViewController.swift in Sources */,
				051C5D981FCCC634005EA454 /* ListItem.swift in Sources */,
				051C5D901FCCBD53005EA454 /* SelectListViewController.swift in Sources */,
				05B79EB51FCE263000E4BCB3 /* CustomUIKitObject.swift in Sources */,
				051C5D9B1FCCC732005EA454 /* Week.swift in Sources */,
				051C5D9D1FCCC91D005EA454 /* Month.swift in Sources */,
				051C5DA31FCCCBFA005EA454 /* ListMakerViewController.swift in Sources */,
				051C5D7C1FCCBC23005EA454 /* AppDelegate.swift in Sources */,
				051C5D951FCCC5E9005EA454 /* List.swift in Sources */,
				05B79EB11FCD12DE00E4BCB3 /* Constants.swift in Sources */,
			);
			runOnlyForDeploymentPostprocessing = 0;
		};
/* End PBXSourcesBuildPhase section */

/* Begin PBXVariantGroup section */
		051C5D861FCCBC23005EA454 /* LaunchScreen.storyboard */ = {
			isa = PBXVariantGroup;
			children = (
				051C5D871FCCBC23005EA454 /* Base */,
			);
			name = LaunchScreen.storyboard;
			sourceTree = "<group>";
		};
/* End PBXVariantGroup section */

/* Begin XCBuildConfiguration section */
		051C5D8A1FCCBC23005EA454 /* Debug */ = {
			isa = XCBuildConfiguration;
			buildSettings = {
				ALWAYS_SEARCH_USER_PATHS = NO;
				CLANG_ANALYZER_NONNULL = YES;
				CLANG_ANALYZER_NUMBER_OBJECT_CONVERSION = YES_AGGRESSIVE;
				CLANG_CXX_LANGUAGE_STANDARD = "gnu++14";
				CLANG_CXX_LIBRARY = "libc++";
				CLANG_ENABLE_MODULES = YES;
				CLANG_ENABLE_OBJC_ARC = YES;
				CLANG_WARN_BLOCK_CAPTURE_AUTORELEASING = YES;
				CLANG_WARN_BOOL_CONVERSION = YES;
				CLANG_WARN_COMMA = YES;
				CLANG_WARN_CONSTANT_CONVERSION = YES;
				CLANG_WARN_DIRECT_OBJC_ISA_USAGE = YES_ERROR;
				CLANG_WARN_DOCUMENTATION_COMMENTS = YES;
				CLANG_WARN_EMPTY_BODY = YES;
				CLANG_WARN_ENUM_CONVERSION = YES;
				CLANG_WARN_INFINITE_RECURSION = YES;
				CLANG_WARN_INT_CONVERSION = YES;
				CLANG_WARN_NON_LITERAL_NULL_CONVERSION = YES;
				CLANG_WARN_OBJC_LITERAL_CONVERSION = YES;
				CLANG_WARN_OBJC_ROOT_CLASS = YES_ERROR;
				CLANG_WARN_RANGE_LOOP_ANALYSIS = YES;
				CLANG_WARN_STRICT_PROTOTYPES = YES;
				CLANG_WARN_SUSPICIOUS_MOVE = YES;
				CLANG_WARN_UNGUARDED_AVAILABILITY = YES_AGGRESSIVE;
				CLANG_WARN_UNREACHABLE_CODE = YES;
				CLANG_WARN__DUPLICATE_METHOD_MATCH = YES;
				CODE_SIGN_IDENTITY = "iPhone Developer";
				COPY_PHASE_STRIP = NO;
				DEBUG_INFORMATION_FORMAT = dwarf;
				ENABLE_STRICT_OBJC_MSGSEND = YES;
				ENABLE_TESTABILITY = YES;
				GCC_C_LANGUAGE_STANDARD = gnu11;
				GCC_DYNAMIC_NO_PIC = NO;
				GCC_NO_COMMON_BLOCKS = YES;
				GCC_OPTIMIZATION_LEVEL = 0;
				GCC_PREPROCESSOR_DEFINITIONS = (
					"DEBUG=1",
					"$(inherited)",
				);
				GCC_WARN_64_TO_32_BIT_CONVERSION = YES;
				GCC_WARN_ABOUT_RETURN_TYPE = YES_ERROR;
				GCC_WARN_UNDECLARED_SELECTOR = YES;
				GCC_WARN_UNINITIALIZED_AUTOS = YES_AGGRESSIVE;
				GCC_WARN_UNUSED_FUNCTION = YES;
				GCC_WARN_UNUSED_VARIABLE = YES;
				IPHONEOS_DEPLOYMENT_TARGET = 11.1;
				MTL_ENABLE_DEBUG_INFO = YES;
				ONLY_ACTIVE_ARCH = YES;
				SDKROOT = iphoneos;
				SWIFT_ACTIVE_COMPILATION_CONDITIONS = DEBUG;
				SWIFT_OPTIMIZATION_LEVEL = "-Onone";
			};
			name = Debug;
		};
		051C5D8B1FCCBC23005EA454 /* Release */ = {
			isa = XCBuildConfiguration;
			buildSettings = {
				ALWAYS_SEARCH_USER_PATHS = NO;
				CLANG_ANALYZER_NONNULL = YES;
				CLANG_ANALYZER_NUMBER_OBJECT_CONVERSION = YES_AGGRESSIVE;
				CLANG_CXX_LANGUAGE_STANDARD = "gnu++14";
				CLANG_CXX_LIBRARY = "libc++";
				CLANG_ENABLE_MODULES = YES;
				CLANG_ENABLE_OBJC_ARC = YES;
				CLANG_WARN_BLOCK_CAPTURE_AUTORELEASING = YES;
				CLANG_WARN_BOOL_CONVERSION = YES;
				CLANG_WARN_COMMA = YES;
				CLANG_WARN_CONSTANT_CONVERSION = YES;
				CLANG_WARN_DIRECT_OBJC_ISA_USAGE = YES_ERROR;
				CLANG_WARN_DOCUMENTATION_COMMENTS = YES;
				CLANG_WARN_EMPTY_BODY = YES;
				CLANG_WARN_ENUM_CONVERSION = YES;
				CLANG_WARN_INFINITE_RECURSION = YES;
				CLANG_WARN_INT_CONVERSION = YES;
				CLANG_WARN_NON_LITERAL_NULL_CONVERSION = YES;
				CLANG_WARN_OBJC_LITERAL_CONVERSION = YES;
				CLANG_WARN_OBJC_ROOT_CLASS = YES_ERROR;
				CLANG_WARN_RANGE_LOOP_ANALYSIS = YES;
				CLANG_WARN_STRICT_PROTOTYPES = YES;
				CLANG_WARN_SUSPICIOUS_MOVE = YES;
				CLANG_WARN_UNGUARDED_AVAILABILITY = YES_AGGRESSIVE;
				CLANG_WARN_UNREACHABLE_CODE = YES;
				CLANG_WARN__DUPLICATE_METHOD_MATCH = YES;
				CODE_SIGN_IDENTITY = "iPhone Developer";
				COPY_PHASE_STRIP = NO;
				DEBUG_INFORMATION_FORMAT = "dwarf-with-dsym";
				ENABLE_NS_ASSERTIONS = NO;
				ENABLE_STRICT_OBJC_MSGSEND = YES;
				GCC_C_LANGUAGE_STANDARD = gnu11;
				GCC_NO_COMMON_BLOCKS = YES;
				GCC_WARN_64_TO_32_BIT_CONVERSION = YES;
				GCC_WARN_ABOUT_RETURN_TYPE = YES_ERROR;
				GCC_WARN_UNDECLARED_SELECTOR = YES;
				GCC_WARN_UNINITIALIZED_AUTOS = YES_AGGRESSIVE;
				GCC_WARN_UNUSED_FUNCTION = YES;
				GCC_WARN_UNUSED_VARIABLE = YES;
				IPHONEOS_DEPLOYMENT_TARGET = 11.1;
				MTL_ENABLE_DEBUG_INFO = NO;
				SDKROOT = iphoneos;
				SWIFT_OPTIMIZATION_LEVEL = "-Owholemodule";
				VALIDATE_PRODUCT = YES;
			};
			name = Release;
		};
		051C5D8D1FCCBC23005EA454 /* Debug */ = {
			isa = XCBuildConfiguration;
			buildSettings = {
				ASSETCATALOG_COMPILER_APPICON_NAME = AppIcon;
				CODE_SIGN_STYLE = Automatic;
				DEVELOPMENT_TEAM = GD7JHZ9557;
				INFOPLIST_FILE = oneDayAtATime/Info.plist;
				LD_RUNPATH_SEARCH_PATHS = "$(inherited) @executable_path/Frameworks";
				PRODUCT_BUNDLE_IDENTIFIER = com.martyav.oneDayAtATime.oneDayAtATime;
				PRODUCT_NAME = "$(TARGET_NAME)";
				SWIFT_VERSION = 4.0;
				TARGETED_DEVICE_FAMILY = "1,2";
			};
			name = Debug;
		};
		051C5D8E1FCCBC23005EA454 /* Release */ = {
			isa = XCBuildConfiguration;
			buildSettings = {
				ASSETCATALOG_COMPILER_APPICON_NAME = AppIcon;
				CODE_SIGN_STYLE = Automatic;
				DEVELOPMENT_TEAM = GD7JHZ9557;
				INFOPLIST_FILE = oneDayAtATime/Info.plist;
				LD_RUNPATH_SEARCH_PATHS = "$(inherited) @executable_path/Frameworks";
				PRODUCT_BUNDLE_IDENTIFIER = com.martyav.oneDayAtATime.oneDayAtATime;
				PRODUCT_NAME = "$(TARGET_NAME)";
				SWIFT_VERSION = 4.0;
				TARGETED_DEVICE_FAMILY = "1,2";
			};
			name = Release;
		};
/* End XCBuildConfiguration section */

/* Begin XCConfigurationList section */
		051C5D731FCCBC23005EA454 /* Build configuration list for PBXProject "oneDayAtATime" */ = {
			isa = XCConfigurationList;
			buildConfigurations = (
				051C5D8A1FCCBC23005EA454 /* Debug */,
				051C5D8B1FCCBC23005EA454 /* Release */,
			);
			defaultConfigurationIsVisible = 0;
			defaultConfigurationName = Release;
		};
		051C5D8C1FCCBC23005EA454 /* Build configuration list for PBXNativeTarget "oneDayAtATime" */ = {
			isa = XCConfigurationList;
			buildConfigurations = (
				051C5D8D1FCCBC23005EA454 /* Debug */,
				051C5D8E1FCCBC23005EA454 /* Release */,
			);
			defaultConfigurationIsVisible = 0;
			defaultConfigurationName = Release;
		};
/* End XCConfigurationList section */
	};
	rootObject = 051C5D701FCCBC23005EA454 /* Project object */;
}
